
Microsoft Visual Studio Solution File, Format Version 12.00
# Visual Studio 14
VisualStudioVersion = 14.0.23107.0
MinimumVisualStudioVersion = 10.0.40219.1
Project("{FAE04EC0-301F-11D3-BF4B-00C04F79EFBC}") = "PugTrace", "PugTrace\PugTrace.csproj", "{ED80F650-E1E0-49A5-B344-C461A51F39D7}"
EndProject
Project("{FAE04EC0-301F-11D3-BF4B-00C04F79EFBC}") = "PugTrace.SqlServer", "PugTrace.SqlServer\PugTrace.SqlServer.csproj", "{35D49817-F607-485B-9B48-F685389E70CA}"
EndProject
Project("{FAE04EC0-301F-11D3-BF4B-00C04F79EFBC}") = "PugTrace.Example", "PugTrace.Example\PugTrace.Example.csproj", "{776E3F70-BFB4-4856-995B-DDD9FF30ADB9}"
EndProject
Global
	GlobalSection(SolutionConfigurationPlatforms) = preSolution
		Debug|Any CPU = Debug|Any CPU
		Release|Any CPU = Release|Any CPU
	EndGlobalSection
	GlobalSection(ProjectConfigurationPlatforms) = postSolution
		{ED80F650-E1E0-49A5-B344-C461A51F39D7}.Debug|Any CPU.ActiveCfg = Debug|Any CPU
		{ED80F650-E1E0-49A5-B344-C461A51F39D7}.Debug|Any CPU.Build.0 = Debug|Any CPU
		{ED80F650-E1E0-49A5-B344-C461A51F39D7}.Release|Any CPU.ActiveCfg = Release|Any CPU
		{ED80F650-E1E0-49A5-B344-C461A51F39D7}.Release|Any CPU.Build.0 = Release|Any CPU
		{35D49817-F607-485B-9B48-F685389E70CA}.Debug|Any CPU.ActiveCfg = Debug|Any CPU
		{35D49817-F607-485B-9B48-F685389E70CA}.Debug|Any CPU.Build.0 = Debug|Any CPU
		{35D49817-F607-485B-9B48-F685389E70CA}.Release|Any CPU.ActiveCfg = Release|Any CPU
		{35D49817-F607-485B-9B48-F685389E70CA}.Release|Any CPU.Build.0 = Release|Any CPU
		{776E3F70-BFB4-4856-995B-DDD9FF30ADB9}.Debug|Any CPU.ActiveCfg = Debug|Any CPU
		{776E3F70-BFB4-4856-995B-DDD9FF30ADB9}.Debug|Any CPU.Build.0 = Debug|Any CPU
		{776E3F70-BFB4-4856-995B-DDD9FF30ADB9}.Release|Any CPU.ActiveCfg = Release|Any CPU
		{776E3F70-BFB4-4856-995B-DDD9FF30ADB9}.Release|Any CPU.Build.0 = Release|Any CPU
	EndGlobalSection
	GlobalSection(SolutionProperties) = preSolution
		HideSolutionNode = FALSE
	EndGlobalSection
EndGlobal
